
Microsoft Visual Studio Solution File, Format Version 12.00
# Visual Studio Version 17
VisualStudioVersion = 17.0.32014.148
MinimumVisualStudioVersion = 10.0.40219.1
Project("{FAE04EC0-301F-11D3-BF4B-00C04F79EFBC}") = "Majority.RemittanceProvider.IntegrationTest", "Majority.RemittanceProvider.IntegrationTest\Majority.RemittanceProvider.IntegrationTest.csproj", "{591E00A4-9B8B-41F0-98C1-EA4AED1DF34A}"
EndProject
Global
	GlobalSection(SolutionConfigurationPlatforms) = preSolution
		Debug|Any CPU = Debug|Any CPU
		Release|Any CPU = Release|Any CPU
	EndGlobalSection
	GlobalSection(ProjectConfigurationPlatforms) = postSolution
		{591E00A4-9B8B-41F0-98C1-EA4AED1DF34A}.Debug|Any CPU.ActiveCfg = Debug|Any CPU
		{591E00A4-9B8B-41F0-98C1-EA4AED1DF34A}.Debug|Any CPU.Build.0 = Debug|Any CPU
		{591E00A4-9B8B-41F0-98C1-EA4AED1DF34A}.Release|Any CPU.ActiveCfg = Release|Any CPU
		{591E00A4-9B8B-41F0-98C1-EA4AED1DF34A}.Release|Any CPU.Build.0 = Release|Any CPU
	EndGlobalSection
	GlobalSection(SolutionProperties) = preSolution
		HideSolutionNode = FALSE
	EndGlobalSection
	GlobalSection(ExtensibilityGlobals) = postSolution
		SolutionGuid = {368DA588-2292-4A54-B9C8-2DC581E93A67}
	EndGlobalSection
EndGlobal
